
Microsoft Visual Studio Solution File, Format Version 12.00
# Visual Studio 15
VisualStudioVersion = 15.0.26430.16
MinimumVisualStudioVersion = 10.0.40219.1
Project("{9A19103F-16F7-4668-BE54-9A1E7A4F7556}") = "PMS.Web.Services", "PMS.Web.Services\PMS.Web.Services.csproj", "{DF1DBE7D-7AD9-486B-8D49-CFFC62CAD84D}"
EndProject
Project("{9A19103F-16F7-4668-BE54-9A1E7A4F7556}") = "PMS.EFCore.Model", "PMS.EFCore.Model\PMS.EFCore.Model.csproj", "{3E839C54-589F-4368-A79E-F8BE7D38D618}"
EndProject
Project("{2150E333-8FDC-42A3-9474-1A3956D46DE8}") = "References", "References", "{9E1912D0-0C96-4A00-8D4D-CF2FD8C30B1A}"
	ProjectSection(SolutionItems) = preProject
		References\FastReport.OpenSource.Export.PdfSimple.dll = References\FastReport.OpenSource.Export.PdfSimple.dll
	EndProjectSection
EndProject
Project("{9A19103F-16F7-4668-BE54-9A1E7A4F7556}") = "PMS.EFCore.Services", "PMS.EFCore.Services\PMS.EFCore.Services.csproj", "{D094E26E-B68C-403A-BAA0-368F5CB9A1CC}"
EndProject
Project("{9A19103F-16F7-4668-BE54-9A1E7A4F7556}") = "PMS.EFCore.Helper", "PMS.Helper\PMS.EFCore.Helper.csproj", "{A4AFEC30-1D1C-44FF-A783-E0E9016EF849}"
EndProject
Project("{9A19103F-16F7-4668-BE54-9A1E7A4F7556}") = "FileStorage.EFCore", "FileStorage.EFCore\FileStorage.EFCore.csproj", "{7B67B293-CAE1-4668-B6C2-AD58BDC306AD}"
EndProject
Project("{9A19103F-16F7-4668-BE54-9A1E7A4F7556}") = "PMS.Web.UnitTest", "PMS.Web.UnitTest\PMS.Web.UnitTest.csproj", "{7EDF033C-F2C2-4A6D-A72D-4429925F5EA5}"
EndProject
Project("{9A19103F-16F7-4668-BE54-9A1E7A4F7556}") = "FP.EFCore.Model", "FP.EFCore.Model\FP.EFCore.Model.csproj", "{38C1C420-5B4C-48AC-90B9-C0D5E12A5C33}"
EndProject
Project("{9A19103F-16F7-4668-BE54-9A1E7A4F7556}") = "FP.EFCore.Services", "FP.EFCore.Services\FP.EFCore.Services.csproj", "{D510A8C9-BF15-4B74-8693-C730CBFABE00}"
EndProject
Project("{9A19103F-16F7-4668-BE54-9A1E7A4F7556}") = "PMS.Shared", "PMS.Shared\PMS.Shared.csproj", "{5D12D98C-B908-47CE-8E3A-EEA7CCE29050}"
EndProject
Project("{9A19103F-16F7-4668-BE54-9A1E7A4F7556}") = "AM.EFCore", "AM.EFCore\AM.EFCore.csproj", "{EE3EB952-7E83-42BD-B63F-042CB018CC5D}"
EndProject
Project("{9A19103F-16F7-4668-BE54-9A1E7A4F7556}") = "WF.EFCore", "WF.EFCore\WF.EFCore.csproj", "{3A89AA12-9FC9-4A22-B548-A030395A1F6A}"
EndProject
Project("{9A19103F-16F7-4668-BE54-9A1E7A4F7556}") = "PMS.SAPIntegration", "PMS.SAPIntegration\PMS.SAPIntegration.csproj", "{3D6A2A4E-F8DA-42C0-87CB-55A2AE5EACF4}"
EndProject
Global
	GlobalSection(SolutionConfigurationPlatforms) = preSolution
		Debug|Any CPU = Debug|Any CPU
		Debug|x64 = Debug|x64
		Debug|x86 = Debug|x86
		Release|Any CPU = Release|Any CPU
		Release|x64 = Release|x64
		Release|x86 = Release|x86
	EndGlobalSection
	GlobalSection(ProjectConfigurationPlatforms) = postSolution
		{DF1DBE7D-7AD9-486B-8D49-CFFC62CAD84D}.Debug|Any CPU.ActiveCfg = Debug|Any CPU
		{DF1DBE7D-7AD9-486B-8D49-CFFC62CAD84D}.Debug|Any CPU.Build.0 = Debug|Any CPU
		{DF1DBE7D-7AD9-486B-8D49-CFFC62CAD84D}.Debug|x64.ActiveCfg = Debug|Any CPU
		{DF1DBE7D-7AD9-486B-8D49-CFFC62CAD84D}.Debug|x64.Build.0 = Debug|Any CPU
		{DF1DBE7D-7AD9-486B-8D49-CFFC62CAD84D}.Debug|x86.ActiveCfg = Debug|Any CPU
		{DF1DBE7D-7AD9-486B-8D49-CFFC62CAD84D}.Debug|x86.Build.0 = Debug|Any CPU
		{DF1DBE7D-7AD9-486B-8D49-CFFC62CAD84D}.Release|Any CPU.ActiveCfg = Release|Any CPU
		{DF1DBE7D-7AD9-486B-8D49-CFFC62CAD84D}.Release|Any CPU.Build.0 = Release|Any CPU
		{DF1DBE7D-7AD9-486B-8D49-CFFC62CAD84D}.Release|x64.ActiveCfg = Release|Any CPU
		{DF1DBE7D-7AD9-486B-8D49-CFFC62CAD84D}.Release|x64.Build.0 = Release|Any CPU
		{DF1DBE7D-7AD9-486B-8D49-CFFC62CAD84D}.Release|x86.ActiveCfg = Release|Any CPU
		{DF1DBE7D-7AD9-486B-8D49-CFFC62CAD84D}.Release|x86.Build.0 = Release|Any CPU
		{3E839C54-589F-4368-A79E-F8BE7D38D618}.Debug|Any CPU.ActiveCfg = Debug|Any CPU
		{3E839C54-589F-4368-A79E-F8BE7D38D618}.Debug|Any CPU.Build.0 = Debug|Any CPU
		{3E839C54-589F-4368-A79E-F8BE7D38D618}.Debug|x64.ActiveCfg = Debug|Any CPU
		{3E839C54-589F-4368-A79E-F8BE7D38D618}.Debug|x64.Build.0 = Debug|Any CPU
		{3E839C54-589F-4368-A79E-F8BE7D38D618}.Debug|x86.ActiveCfg = Debug|Any CPU
		{3E839C54-589F-4368-A79E-F8BE7D38D618}.Debug|x86.Build.0 = Debug|Any CPU
		{3E839C54-589F-4368-A79E-F8BE7D38D618}.Release|Any CPU.ActiveCfg = Release|Any CPU
		{3E839C54-589F-4368-A79E-F8BE7D38D618}.Release|Any CPU.Build.0 = Release|Any CPU
		{3E839C54-589F-4368-A79E-F8BE7D38D618}.Release|x64.ActiveCfg = Release|Any CPU
		{3E839C54-589F-4368-A79E-F8BE7D38D618}.Release|x64.Build.0 = Release|Any CPU
		{3E839C54-589F-4368-A79E-F8BE7D38D618}.Release|x86.ActiveCfg = Release|Any CPU
		{3E839C54-589F-4368-A79E-F8BE7D38D618}.Release|x86.Build.0 = Release|Any CPU
		{D094E26E-B68C-403A-BAA0-368F5CB9A1CC}.Debug|Any CPU.ActiveCfg = Debug|Any CPU
		{D094E26E-B68C-403A-BAA0-368F5CB9A1CC}.Debug|Any CPU.Build.0 = Debug|Any CPU
		{D094E26E-B68C-403A-BAA0-368F5CB9A1CC}.Debug|x64.ActiveCfg = Debug|Any CPU
		{D094E26E-B68C-403A-BAA0-368F5CB9A1CC}.Debug|x64.Build.0 = Debug|Any CPU
		{D094E26E-B68C-403A-BAA0-368F5CB9A1CC}.Debug|x86.ActiveCfg = Debug|Any CPU
		{D094E26E-B68C-403A-BAA0-368F5CB9A1CC}.Debug|x86.Build.0 = Debug|Any CPU
		{D094E26E-B68C-403A-BAA0-368F5CB9A1CC}.Release|Any CPU.ActiveCfg = Release|Any CPU
		{D094E26E-B68C-403A-BAA0-368F5CB9A1CC}.Release|Any CPU.Build.0 = Release|Any CPU
		{D094E26E-B68C-403A-BAA0-368F5CB9A1CC}.Release|x64.ActiveCfg = Release|Any CPU
		{D094E26E-B68C-403A-BAA0-368F5CB9A1CC}.Release|x64.Build.0 = Release|Any CPU
		{D094E26E-B68C-403A-BAA0-368F5CB9A1CC}.Release|x86.ActiveCfg = Release|Any CPU
		{D094E26E-B68C-403A-BAA0-368F5CB9A1CC}.Release|x86.Build.0 = Release|Any CPU
		{A4AFEC30-1D1C-44FF-A783-E0E9016EF849}.Debug|Any CPU.ActiveCfg = Debug|Any CPU
		{A4AFEC30-1D1C-44FF-A783-E0E9016EF849}.Debug|Any CPU.Build.0 = Debug|Any CPU
		{A4AFEC30-1D1C-44FF-A783-E0E9016EF849}.Debug|x64.ActiveCfg = Debug|Any CPU
		{A4AFEC30-1D1C-44FF-A783-E0E9016EF849}.Debug|x64.Build.0 = Debug|Any CPU
		{A4AFEC30-1D1C-44FF-A783-E0E9016EF849}.Debug|x86.ActiveCfg = Debug|Any CPU
		{A4AFEC30-1D1C-44FF-A783-E0E9016EF849}.Debug|x86.Build.0 = Debug|Any CPU
		{A4AFEC30-1D1C-44FF-A783-E0E9016EF849}.Release|Any CPU.ActiveCfg = Release|Any CPU
		{A4AFEC30-1D1C-44FF-A783-E0E9016EF849}.Release|Any CPU.Build.0 = Release|Any CPU
		{A4AFEC30-1D1C-44FF-A783-E0E9016EF849}.Release|x64.ActiveCfg = Release|Any CPU
		{A4AFEC30-1D1C-44FF-A783-E0E9016EF849}.Release|x64.Build.0 = Release|Any CPU
		{A4AFEC30-1D1C-44FF-A783-E0E9016EF849}.Release|x86.ActiveCfg = Release|Any CPU
		{A4AFEC30-1D1C-44FF-A783-E0E9016EF849}.Release|x86.Build.0 = Release|Any CPU
		{7B67B293-CAE1-4668-B6C2-AD58BDC306AD}.Debug|Any CPU.ActiveCfg = Debug|Any CPU
		{7B67B293-CAE1-4668-B6C2-AD58BDC306AD}.Debug|Any CPU.Build.0 = Debug|Any CPU
		{7B67B293-CAE1-4668-B6C2-AD58BDC306AD}.Debug|x64.ActiveCfg = Debug|Any CPU
		{7B67B293-CAE1-4668-B6C2-AD58BDC306AD}.Debug|x64.Build.0 = Debug|Any CPU
		{7B67B293-CAE1-4668-B6C2-AD58BDC306AD}.Debug|x86.ActiveCfg = Debug|Any CPU
		{7B67B293-CAE1-4668-B6C2-AD58BDC306AD}.Debug|x86.Build.0 = Debug|Any CPU
		{7B67B293-CAE1-4668-B6C2-AD58BDC306AD}.Release|Any CPU.ActiveCfg = Release|Any CPU
		{7B67B293-CAE1-4668-B6C2-AD58BDC306AD}.Release|Any CPU.Build.0 = Release|Any CPU
		{7B67B293-CAE1-4668-B6C2-AD58BDC306AD}.Release|x64.ActiveCfg = Release|Any CPU
		{7B67B293-CAE1-4668-B6C2-AD58BDC306AD}.Release|x64.Build.0 = Release|Any CPU
		{7B67B293-CAE1-4668-B6C2-AD58BDC306AD}.Release|x86.ActiveCfg = Release|Any CPU
		{7B67B293-CAE1-4668-B6C2-AD58BDC306AD}.Release|x86.Build.0 = Release|Any CPU
		{7EDF033C-F2C2-4A6D-A72D-4429925F5EA5}.Debug|Any CPU.ActiveCfg = Debug|Any CPU
		{7EDF033C-F2C2-4A6D-A72D-4429925F5EA5}.Debug|Any CPU.Build.0 = Debug|Any CPU
		{7EDF033C-F2C2-4A6D-A72D-4429925F5EA5}.Debug|x64.ActiveCfg = Debug|Any CPU
		{7EDF033C-F2C2-4A6D-A72D-4429925F5EA5}.Debug|x64.Build.0 = Debug|Any CPU
		{7EDF033C-F2C2-4A6D-A72D-4429925F5EA5}.Debug|x86.ActiveCfg = Debug|Any CPU
		{7EDF033C-F2C2-4A6D-A72D-4429925F5EA5}.Debug|x86.Build.0 = Debug|Any CPU
		{7EDF033C-F2C2-4A6D-A72D-4429925F5EA5}.Release|Any CPU.ActiveCfg = Release|Any CPU
		{7EDF033C-F2C2-4A6D-A72D-4429925F5EA5}.Release|Any CPU.Build.0 = Release|Any CPU
		{7EDF033C-F2C2-4A6D-A72D-4429925F5EA5}.Release|x64.ActiveCfg = Release|Any CPU
		{7EDF033C-F2C2-4A6D-A72D-4429925F5EA5}.Release|x64.Build.0 = Release|Any CPU
		{7EDF033C-F2C2-4A6D-A72D-4429925F5EA5}.Release|x86.ActiveCfg = Release|Any CPU
		{7EDF033C-F2C2-4A6D-A72D-4429925F5EA5}.Release|x86.Build.0 = Release|Any CPU
		{38C1C420-5B4C-48AC-90B9-C0D5E12A5C33}.Debug|Any CPU.ActiveCfg = Debug|Any CPU
		{38C1C420-5B4C-48AC-90B9-C0D5E12A5C33}.Debug|Any CPU.Build.0 = Debug|Any CPU
		{38C1C420-5B4C-48AC-90B9-C0D5E12A5C33}.Debug|x64.ActiveCfg = Debug|Any CPU
		{38C1C420-5B4C-48AC-90B9-C0D5E12A5C33}.Debug|x64.Build.0 = Debug|Any CPU
		{38C1C420-5B4C-48AC-90B9-C0D5E12A5C33}.Debug|x86.ActiveCfg = Debug|Any CPU
		{38C1C420-5B4C-48AC-90B9-C0D5E12A5C33}.Debug|x86.Build.0 = Debug|Any CPU
		{38C1C420-5B4C-48AC-90B9-C0D5E12A5C33}.Release|Any CPU.ActiveCfg = Release|Any CPU
		{38C1C420-5B4C-48AC-90B9-C0D5E12A5C33}.Release|Any CPU.Build.0 = Release|Any CPU
		{38C1C420-5B4C-48AC-90B9-C0D5E12A5C33}.Release|x64.ActiveCfg = Release|Any CPU
		{38C1C420-5B4C-48AC-90B9-C0D5E12A5C33}.Release|x64.Build.0 = Release|Any CPU
		{38C1C420-5B4C-48AC-90B9-C0D5E12A5C33}.Release|x86.ActiveCfg = Release|Any CPU
		{38C1C420-5B4C-48AC-90B9-C0D5E12A5C33}.Release|x86.Build.0 = Release|Any CPU
		{D510A8C9-BF15-4B74-8693-C730CBFABE00}.Debug|Any CPU.ActiveCfg = Debug|Any CPU
		{D510A8C9-BF15-4B74-8693-C730CBFABE00}.Debug|Any CPU.Build.0 = Debug|Any CPU
		{D510A8C9-BF15-4B74-8693-C730CBFABE00}.Debug|x64.ActiveCfg = Debug|Any CPU
		{D510A8C9-BF15-4B74-8693-C730CBFABE00}.Debug|x64.Build.0 = Debug|Any CPU
		{D510A8C9-BF15-4B74-8693-C730CBFABE00}.Debug|x86.ActiveCfg = Debug|Any CPU
		{D510A8C9-BF15-4B74-8693-C730CBFABE00}.Debug|x86.Build.0 = Debug|Any CPU
		{D510A8C9-BF15-4B74-8693-C730CBFABE00}.Release|Any CPU.ActiveCfg = Release|Any CPU
		{D510A8C9-BF15-4B74-8693-C730CBFABE00}.Release|Any CPU.Build.0 = Release|Any CPU
		{D510A8C9-BF15-4B74-8693-C730CBFABE00}.Release|x64.ActiveCfg = Release|Any CPU
		{D510A8C9-BF15-4B74-8693-C730CBFABE00}.Release|x64.Build.0 = Release|Any CPU
		{D510A8C9-BF15-4B74-8693-C730CBFABE00}.Release|x86.ActiveCfg = Release|Any CPU
		{D510A8C9-BF15-4B74-8693-C730CBFABE00}.Release|x86.Build.0 = Release|Any CPU
		{5D12D98C-B908-47CE-8E3A-EEA7CCE29050}.Debug|Any CPU.ActiveCfg = Debug|Any CPU
		{5D12D98C-B908-47CE-8E3A-EEA7CCE29050}.Debug|Any CPU.Build.0 = Debug|Any CPU
		{5D12D98C-B908-47CE-8E3A-EEA7CCE29050}.Debug|x64.ActiveCfg = Debug|Any CPU
		{5D12D98C-B908-47CE-8E3A-EEA7CCE29050}.Debug|x64.Build.0 = Debug|Any CPU
		{5D12D98C-B908-47CE-8E3A-EEA7CCE29050}.Debug|x86.ActiveCfg = Debug|Any CPU
		{5D12D98C-B908-47CE-8E3A-EEA7CCE29050}.Debug|x86.Build.0 = Debug|Any CPU
		{5D12D98C-B908-47CE-8E3A-EEA7CCE29050}.Release|Any CPU.ActiveCfg = Release|Any CPU
		{5D12D98C-B908-47CE-8E3A-EEA7CCE29050}.Release|Any CPU.Build.0 = Release|Any CPU
		{5D12D98C-B908-47CE-8E3A-EEA7CCE29050}.Release|x64.ActiveCfg = Release|Any CPU
		{5D12D98C-B908-47CE-8E3A-EEA7CCE29050}.Release|x64.Build.0 = Release|Any CPU
		{5D12D98C-B908-47CE-8E3A-EEA7CCE29050}.Release|x86.ActiveCfg = Release|Any CPU
		{5D12D98C-B908-47CE-8E3A-EEA7CCE29050}.Release|x86.Build.0 = Release|Any CPU
		{EE3EB952-7E83-42BD-B63F-042CB018CC5D}.Debug|Any CPU.ActiveCfg = Debug|Any CPU
		{EE3EB952-7E83-42BD-B63F-042CB018CC5D}.Debug|Any CPU.Build.0 = Debug|Any CPU
		{EE3EB952-7E83-42BD-B63F-042CB018CC5D}.Debug|x64.ActiveCfg = Debug|Any CPU
		{EE3EB952-7E83-42BD-B63F-042CB018CC5D}.Debug|x64.Build.0 = Debug|Any CPU
		{EE3EB952-7E83-42BD-B63F-042CB018CC5D}.Debug|x86.ActiveCfg = Debug|Any CPU
		{EE3EB952-7E83-42BD-B63F-042CB018CC5D}.Debug|x86.Build.0 = Debug|Any CPU
		{EE3EB952-7E83-42BD-B63F-042CB018CC5D}.Release|Any CPU.ActiveCfg = Release|Any CPU
		{EE3EB952-7E83-42BD-B63F-042CB018CC5D}.Release|Any CPU.Build.0 = Release|Any CPU
		{EE3EB952-7E83-42BD-B63F-042CB018CC5D}.Release|x64.ActiveCfg = Release|Any CPU
		{EE3EB952-7E83-42BD-B63F-042CB018CC5D}.Release|x64.Build.0 = Release|Any CPU
		{EE3EB952-7E83-42BD-B63F-042CB018CC5D}.Release|x86.ActiveCfg = Release|Any CPU
		{EE3EB952-7E83-42BD-B63F-042CB018CC5D}.Release|x86.Build.0 = Release|Any CPU
		{3A89AA12-9FC9-4A22-B548-A030395A1F6A}.Debug|Any CPU.ActiveCfg = Debug|Any CPU
		{3A89AA12-9FC9-4A22-B548-A030395A1F6A}.Debug|Any CPU.Build.0 = Debug|Any CPU
		{3A89AA12-9FC9-4A22-B548-A030395A1F6A}.Debug|x64.ActiveCfg = Debug|Any CPU
		{3A89AA12-9FC9-4A22-B548-A030395A1F6A}.Debug|x64.Build.0 = Debug|Any CPU
		{3A89AA12-9FC9-4A22-B548-A030395A1F6A}.Debug|x86.ActiveCfg = Debug|Any CPU
		{3A89AA12-9FC9-4A22-B548-A030395A1F6A}.Debug|x86.Build.0 = Debug|Any CPU
		{3A89AA12-9FC9-4A22-B548-A030395A1F6A}.Release|Any CPU.ActiveCfg = Release|Any CPU
		{3A89AA12-9FC9-4A22-B548-A030395A1F6A}.Release|Any CPU.Build.0 = Release|Any CPU
		{3A89AA12-9FC9-4A22-B548-A030395A1F6A}.Release|x64.ActiveCfg = Release|Any CPU
		{3A89AA12-9FC9-4A22-B548-A030395A1F6A}.Release|x64.Build.0 = Release|Any CPU
		{3A89AA12-9FC9-4A22-B548-A030395A1F6A}.Release|x86.ActiveCfg = Release|Any CPU
		{3A89AA12-9FC9-4A22-B548-A030395A1F6A}.Release|x86.Build.0 = Release|Any CPU
		{3D6A2A4E-F8DA-42C0-87CB-55A2AE5EACF4}.Debug|Any CPU.ActiveCfg = Debug|Any CPU
		{3D6A2A4E-F8DA-42C0-87CB-55A2AE5EACF4}.Debug|Any CPU.Build.0 = Debug|Any CPU
		{3D6A2A4E-F8DA-42C0-87CB-55A2AE5EACF4}.Debug|x64.ActiveCfg = Debug|Any CPU
		{3D6A2A4E-F8DA-42C0-87CB-55A2AE5EACF4}.Debug|x64.Build.0 = Debug|Any CPU
		{3D6A2A4E-F8DA-42C0-87CB-55A2AE5EACF4}.Debug|x86.ActiveCfg = Debug|Any CPU
		{3D6A2A4E-F8DA-42C0-87CB-55A2AE5EACF4}.Debug|x86.Build.0 = Debug|Any CPU
		{3D6A2A4E-F8DA-42C0-87CB-55A2AE5EACF4}.Release|Any CPU.ActiveCfg = Release|Any CPU
		{3D6A2A4E-F8DA-42C0-87CB-55A2AE5EACF4}.Release|Any CPU.Build.0 = Release|Any CPU
		{3D6A2A4E-F8DA-42C0-87CB-55A2AE5EACF4}.Release|x64.ActiveCfg = Release|Any CPU
		{3D6A2A4E-F8DA-42C0-87CB-55A2AE5EACF4}.Release|x64.Build.0 = Release|Any CPU
		{3D6A2A4E-F8DA-42C0-87CB-55A2AE5EACF4}.Release|x86.ActiveCfg = Release|Any CPU
		{3D6A2A4E-F8DA-42C0-87CB-55A2AE5EACF4}.Release|x86.Build.0 = Release|Any CPU
	EndGlobalSection
	GlobalSection(SolutionProperties) = preSolution
		HideSolutionNode = FALSE
	EndGlobalSection
	GlobalSection(ExtensibilityGlobals) = postSolution
		SolutionGuid = {85143AFB-2B70-41CA-A9C2-4240ED85B18F}
	EndGlobalSection
EndGlobal
